// !$*UTF8*$!
{ archiveVersion = 1; classes = {}; objectVersion = 56; objects = {
39D257C72F8084DB4AC82878 = { isa = PBXFileReference; lastKnownFileType = sourcecode.swift; path = "Tagbum/Components/DocumentThumbnail.swift"; sourceTree = SOURCE_ROOT; };
69BA0D5B579B8752AE2D7652 = { isa = PBXBuildFile; fileRef = 39D257C72F8084DB4AC82878; };
21A0FB54F080209B85690027 = { isa = PBXFileReference; lastKnownFileType = sourcecode.swift; path = "Tagbum/Components/FolderCard.swift"; sourceTree = SOURCE_ROOT; };
1DCFE5AE048396A075D5C4EB = { isa = PBXBuildFile; fileRef = 21A0FB54F080209B85690027; };
45B0B559E3A71B7B5FA1FDF5 = { isa = PBXFileReference; lastKnownFileType = sourcecode.swift; path = "Tagbum/Components/Theme.swift"; sourceTree = SOURCE_ROOT; };
975D4316C1131BCF9DD8D8DE = { isa = PBXBuildFile; fileRef = 45B0B559E3A71B7B5FA1FDF5; };
AF44E5A340DD5AE205AF39C1 = { isa = PBXFileReference; lastKnownFileType = sourcecode.swift; path = "Tagbum/Components/ZoomableDocument.swift"; sourceTree = SOURCE_ROOT; };
87E50633A24C00980DAB8DAB = { isa = PBXBuildFile; fileRef = AF44E5A340DD5AE205AF39C1; };
BE36BFF1E7CBA6FE16A76F06 = { isa = PBXFileReference; lastKnownFileType = sourcecode.swift; path = "Tagbum/Models/Library.swift"; sourceTree = SOURCE_ROOT; };
17D94871E95D984A1CD699E2 = { isa = PBXBuildFile; fileRef = BE36BFF1E7CBA6FE16A76F06; };
D458350857D4E721E8A70AB3 = { isa = PBXFileReference; lastKnownFileType = sourcecode.swift; path = "Tagbum/Services/DemoLibrary.swift"; sourceTree = SOURCE_ROOT; };
6D5CF75071F439FC24715CD2 = { isa = PBXBuildFile; fileRef = D458350857D4E721E8A70AB3; };
D9A8EFE34283D61F08E633BD = { isa = PBXFileReference; lastKnownFileType = sourcecode.swift; path = "Tagbum/Services/DocumentScanner.swift"; sourceTree = SOURCE_ROOT; };
E6195C68463B5E316F78D2C9 = { isa = PBXBuildFile; fileRef = D9A8EFE34283D61F08E633BD; };
F3C8BF98465005A06BC3D599 = { isa = PBXFileReference; lastKnownFileType = sourcecode.swift; path = "Tagbum/Services/ImageStorage.swift"; sourceTree = SOURCE_ROOT; };
33A51FD181695447561870F9 = { isa = PBXBuildFile; fileRef = F3C8BF98465005A06BC3D599; };
D57E78460F45FA901CFE48C9 = { isa = PBXFileReference; lastKnownFileType = sourcecode.swift; path = "Tagbum/Services/LibraryStore.swift"; sourceTree = SOURCE_ROOT; };
F0466DFC826B2BC14C08A862 = { isa = PBXBuildFile; fileRef = D57E78460F45FA901CFE48C9; };
B215A9888191C94FF86A2B9C = { isa = PBXFileReference; lastKnownFileType = sourcecode.swift; path = "Tagbum/TagbumApp.swift"; sourceTree = SOURCE_ROOT; };
450D49B268F3FF43EE1E3A8E = { isa = PBXBuildFile; fileRef = B215A9888191C94FF86A2B9C; };
845DF99BC519AC77E476C8EB = { isa = PBXFileReference; lastKnownFileType = sourcecode.swift; path = "Tagbum/Views/AlbumDetailView.swift"; sourceTree = SOURCE_ROOT; };
734D93E672EAE1199997646A = { isa = PBXBuildFile; fileRef = 845DF99BC519AC77E476C8EB; };
D13FFCD4915ED1EC61AE965C = { isa = PBXFileReference; lastKnownFileType = sourcecode.swift; path = "Tagbum/Views/AlbumEditor.swift"; sourceTree = SOURCE_ROOT; };
781EC86EE475A62BD2C5A8D6 = { isa = PBXBuildFile; fileRef = D13FFCD4915ED1EC61AE965C; };
846AB138FCFFA68C10FFE619 = { isa = PBXFileReference; lastKnownFileType = sourcecode.swift; path = "Tagbum/Views/AlbumsView.swift"; sourceTree = SOURCE_ROOT; };
5E7EE8CDDA902F80F5A9430F = { isa = PBXBuildFile; fileRef = 846AB138FCFFA68C10FFE619; };
3FD58457CA2C8682C509C544 = { isa = PBXFileReference; lastKnownFileType = sourcecode.swift; path = "Tagbum/Views/DocumentViewer.swift"; sourceTree = SOURCE_ROOT; };
1AB0C221EF002F8B48EF5DFF = { isa = PBXBuildFile; fileRef = 3FD58457CA2C8682C509C544; };
32BB636196F91ED59D7A4919 = { isa = PBXFileReference; lastKnownFileType = folder.assetcatalog; path = Tagbum/Assets.xcassets; sourceTree = SOURCE_ROOT; };
D777A5ADDA1BA0F4DBAF8727 = { isa = PBXBuildFile; fileRef = 32BB636196F91ED59D7A4919; };
F5BF48AA40CAD7891EB709FC = { isa = PBXFileReference; explicitFileType = wrapper.application; path = Tagbum.app; sourceTree = BUILT_PRODUCTS_DIR; };
86024CAD1E83101D97359D73 = { isa = PBXGroup; children = (F5BF48AA40CAD7891EB709FC,); name = Products; sourceTree = "<group>"; };
DB0F6F37EBEB6EA094891243 = { isa = PBXGroup; children = (57BA8063695B60B418E64D65,39D257C72F8084DB4AC82878,21A0FB54F080209B85690027,45B0B559E3A71B7B5FA1FDF5,AF44E5A340DD5AE205AF39C1,BE36BFF1E7CBA6FE16A76F06,D458350857D4E721E8A70AB3,D9A8EFE34283D61F08E633BD,F3C8BF98465005A06BC3D599,D57E78460F45FA901CFE48C9,B215A9888191C94FF86A2B9C,845DF99BC519AC77E476C8EB,D13FFCD4915ED1EC61AE965C,846AB138FCFFA68C10FFE619,3FD58457CA2C8682C509C544,32BB636196F91ED59D7A4919,86024CAD1E83101D97359D73,); sourceTree = "<group>"; };
F2AB5FB218DA8B84623F4557 = { isa = PBXSourcesBuildPhase; buildActionMask = 2147483647; files = (69BA0D5B579B8752AE2D7652,1DCFE5AE048396A075D5C4EB,975D4316C1131BCF9DD8D8DE,87E50633A24C00980DAB8DAB,17D94871E95D984A1CD699E2,6D5CF75071F439FC24715CD2,E6195C68463B5E316F78D2C9,33A51FD181695447561870F9,F0466DFC826B2BC14C08A862,450D49B268F3FF43EE1E3A8E,734D93E672EAE1199997646A,781EC86EE475A62BD2C5A8D6,5E7EE8CDDA902F80F5A9430F,1AB0C221EF002F8B48EF5DFF,); runOnlyForDeploymentPostprocessing = 0; };
55B558C7EF820E6E00E5993B = { isa = PBXResourcesBuildPhase; buildActionMask = 2147483647; files = (D777A5ADDA1BA0F4DBAF8727,); runOnlyForDeploymentPostprocessing = 0; };
4F6F5CC3FCCF73F75AE9CCF4 = { isa = PBXFrameworksBuildPhase; buildActionMask = 2147483647; files = (); runOnlyForDeploymentPostprocessing = 0; };
59233E4D684FB5A1A72525B8 = { isa = XCBuildConfiguration; buildSettings = { SDKROOT = iphoneos; IPHONEOS_DEPLOYMENT_TARGET = 17.0; SWIFT_VERSION = 5.0; CLANG_ENABLE_MODULES = YES; }; name = Debug; };
D8579749783A718541606A67 = { isa = XCBuildConfiguration; buildSettings = { SDKROOT = iphoneos; IPHONEOS_DEPLOYMENT_TARGET = 17.0; SWIFT_VERSION = 5.0; CLANG_ENABLE_MODULES = YES; PRODUCT_BUNDLE_IDENTIFIER = com.tagbum.app; PRODUCT_NAME = "$(TARGET_NAME)"; TARGETED_DEVICE_FAMILY = "1,2"; GENERATE_INFOPLIST_FILE = YES; INFOPLIST_KEY_CFBundleDisplayName = "sta."; INFOPLIST_KEY_NSCameraUsageDescription = "授業のプリントや板書をスキャンし、選択中の科目に保存します。"; INFOPLIST_KEY_UILaunchScreen_Generation = YES; INFOPLIST_KEY_UIApplicationSceneManifest_Generation = YES; INFOPLIST_KEY_UISupportedInterfaceOrientations_iPhone = "UIInterfaceOrientationPortrait UIInterfaceOrientationLandscapeLeft UIInterfaceOrientationLandscapeRight"; INFOPLIST_KEY_UISupportedInterfaceOrientations_iPad = "UIInterfaceOrientationPortrait UIInterfaceOrientationPortraitUpsideDown UIInterfaceOrientationLandscapeLeft UIInterfaceOrientationLandscapeRight"; ASSETCATALOG_COMPILER_GLOBAL_ACCENT_COLOR_NAME = AccentColor; ASSETCATALOG_COMPILER_APPICON_NAME = AppIcon; MARKETING_VERSION = 1.0; CURRENT_PROJECT_VERSION = 1; CODE_SIGN_STYLE = Automatic; SWIFT_OPTIMIZATION_LEVEL = "-Onone"; DEBUG_INFORMATION_FORMAT = dwarf; ENABLE_TESTABILITY = YES; SWIFT_ACTIVE_COMPILATION_CONDITIONS = DEBUG; }; name = Debug; };
8D5ED1041709BB7FC1DE2B10 = { isa = XCBuildConfiguration; buildSettings = { SDKROOT = iphoneos; IPHONEOS_DEPLOYMENT_TARGET = 17.0; SWIFT_VERSION = 5.0; CLANG_ENABLE_MODULES = YES; }; name = Release; };
553194FECB7E1C4EBBAFB6CE = { isa = XCBuildConfiguration; buildSettings = { SDKROOT = iphoneos; IPHONEOS_DEPLOYMENT_TARGET = 17.0; SWIFT_VERSION = 5.0; CLANG_ENABLE_MODULES = YES; PRODUCT_BUNDLE_IDENTIFIER = com.tagbum.app; PRODUCT_NAME = "$(TARGET_NAME)"; TARGETED_DEVICE_FAMILY = "1,2"; GENERATE_INFOPLIST_FILE = YES; INFOPLIST_KEY_CFBundleDisplayName = "sta."; INFOPLIST_KEY_NSCameraUsageDescription = "授業のプリントや板書をスキャンし、選択中の科目に保存します。"; INFOPLIST_KEY_UILaunchScreen_Generation = YES; INFOPLIST_KEY_UIApplicationSceneManifest_Generation = YES; INFOPLIST_KEY_UISupportedInterfaceOrientations_iPhone = "UIInterfaceOrientationPortrait UIInterfaceOrientationLandscapeLeft UIInterfaceOrientationLandscapeRight"; INFOPLIST_KEY_UISupportedInterfaceOrientations_iPad = "UIInterfaceOrientationPortrait UIInterfaceOrientationPortraitUpsideDown UIInterfaceOrientationLandscapeLeft UIInterfaceOrientationLandscapeRight"; ASSETCATALOG_COMPILER_GLOBAL_ACCENT_COLOR_NAME = AccentColor; ASSETCATALOG_COMPILER_APPICON_NAME = AppIcon; MARKETING_VERSION = 1.0; CURRENT_PROJECT_VERSION = 1; CODE_SIGN_STYLE = Automatic; SWIFT_OPTIMIZATION_LEVEL = "-O"; }; name = Release; };
EEF0B44039EDB639024F3C9B = { isa = XCConfigurationList; buildConfigurations = (D8579749783A718541606A67,553194FECB7E1C4EBBAFB6CE,); defaultConfigurationIsVisible = 0; defaultConfigurationName = Release; };
65792698A383B2AED7171F8F = { isa = XCConfigurationList; buildConfigurations = (59233E4D684FB5A1A72525B8,8D5ED1041709BB7FC1DE2B10,); defaultConfigurationIsVisible = 0; defaultConfigurationName = Release; };
42AEFBAE01D2DFD981F7DA7D = { isa = PBXNativeTarget; buildConfigurationList = EEF0B44039EDB639024F3C9B; buildPhases = (F2AB5FB218DA8B84623F4557,4F6F5CC3FCCF73F75AE9CCF4,55B558C7EF820E6E00E5993B,); buildRules = (); dependencies = (); name = Tagbum; productName = Tagbum; productReference = F5BF48AA40CAD7891EB709FC; productType = "com.apple.product-type.application"; };
57BA8063695B60B418E64D65 = { isa = PBXFileReference; lastKnownFileType = sourcecode.swift; path = TagbumTests/LibraryStoreTests.swift; sourceTree = SOURCE_ROOT; };
02A91C19983412DC0E175BC3 = { isa = PBXBuildFile; fileRef = 57BA8063695B60B418E64D65; };
B2286DC8AD465670AB6CBDC3 = { isa = PBXSourcesBuildPhase; buildActionMask = 2147483647; files = (02A91C19983412DC0E175BC3,); runOnlyForDeploymentPostprocessing = 0; };
566CD7014FE0DEB50E6B0415 = { isa = PBXFileReference; explicitFileType = wrapper.cfbundle; path = TagbumTests.xctest; sourceTree = BUILT_PRODUCTS_DIR; };
43BAE7C5460F868607C7C9D3 = { isa = XCBuildConfiguration; buildSettings = { SDKROOT = iphoneos; IPHONEOS_DEPLOYMENT_TARGET = 17.0; SWIFT_VERSION = 5.0; PRODUCT_BUNDLE_IDENTIFIER = com.tagbum.TagbumTests; PRODUCT_NAME = "$(TARGET_NAME)"; GENERATE_INFOPLIST_FILE = YES; TARGETED_DEVICE_FAMILY = "1,2"; CODE_SIGN_STYLE = Automatic; TEST_HOST = "$(BUILT_PRODUCTS_DIR)/Tagbum.app/Tagbum"; BUNDLE_LOADER = "$(TEST_HOST)"; }; name = Debug; };
495B56DC2DFA124FB5DCE149 = { isa = XCBuildConfiguration; buildSettings = { SDKROOT = iphoneos; IPHONEOS_DEPLOYMENT_TARGET = 17.0; SWIFT_VERSION = 5.0; PRODUCT_BUNDLE_IDENTIFIER = com.tagbum.TagbumTests; PRODUCT_NAME = "$(TARGET_NAME)"; GENERATE_INFOPLIST_FILE = YES; TARGETED_DEVICE_FAMILY = "1,2"; CODE_SIGN_STYLE = Automatic; TEST_HOST = "$(BUILT_PRODUCTS_DIR)/Tagbum.app/Tagbum"; BUNDLE_LOADER = "$(TEST_HOST)"; }; name = Release; };
D2C4212E189D2D5B5F1FC7CF = { isa = XCConfigurationList; buildConfigurations = (43BAE7C5460F868607C7C9D3,495B56DC2DFA124FB5DCE149,); defaultConfigurationIsVisible = 0; defaultConfigurationName = Release; };
E22A4933F47F69A8F4BB0549 = { isa = PBXContainerItemProxy; containerPortal = 46F86FAA6BBF9AC94A7E4595; proxyType = 1; remoteGlobalIDString = 42AEFBAE01D2DFD981F7DA7D; remoteInfo = Tagbum; };
B756301B7DE7B0097B989E9B = { isa = PBXTargetDependency; target = 42AEFBAE01D2DFD981F7DA7D; targetProxy = E22A4933F47F69A8F4BB0549; };
22A2358EECC248366FA9B884 = { isa = PBXNativeTarget; buildConfigurationList = D2C4212E189D2D5B5F1FC7CF; buildPhases = (B2286DC8AD465670AB6CBDC3,); buildRules = (); dependencies = (B756301B7DE7B0097B989E9B,); name = TagbumTests; productName = TagbumTests; productReference = 566CD7014FE0DEB50E6B0415; productType = "com.apple.product-type.bundle.unit-test"; };
1758281F5F382B311735EEE2 = { isa = PBXFileReference; lastKnownFileType = sourcecode.swift; path = TagbumTests/FlowUITests.swift; sourceTree = SOURCE_ROOT; };
62DAAE4C6170F40677283F48 = { isa = PBXBuildFile; fileRef = 1758281F5F382B311735EEE2; };
E4A6308F870AC27C1224E794 = { isa = PBXSourcesBuildPhase; buildActionMask = 2147483647; files = (62DAAE4C6170F40677283F48,); runOnlyForDeploymentPostprocessing = 0; };
F50A1A99F583DC3F4347186F = { isa = PBXFileReference; explicitFileType = wrapper.cfbundle; path = TagbumUITests.xctest; sourceTree = BUILT_PRODUCTS_DIR; };
BFB7B7531298A7BAE3DA7356 = { isa = XCBuildConfiguration; buildSettings = { SDKROOT = iphoneos; IPHONEOS_DEPLOYMENT_TARGET = 17.0; SWIFT_VERSION = 5.0; PRODUCT_BUNDLE_IDENTIFIER = com.tagbum.TagbumUITests; PRODUCT_NAME = "$(TARGET_NAME)"; GENERATE_INFOPLIST_FILE = YES; TARGETED_DEVICE_FAMILY = "1,2"; CODE_SIGN_STYLE = Automatic; TEST_TARGET_NAME = Tagbum; }; name = Debug; };
7E44CF5143D18A2FC9BE772D = { isa = XCBuildConfiguration; buildSettings = { SDKROOT = iphoneos; IPHONEOS_DEPLOYMENT_TARGET = 17.0; SWIFT_VERSION = 5.0; PRODUCT_BUNDLE_IDENTIFIER = com.tagbum.TagbumUITests; PRODUCT_NAME = "$(TARGET_NAME)"; GENERATE_INFOPLIST_FILE = YES; TARGETED_DEVICE_FAMILY = "1,2"; CODE_SIGN_STYLE = Automatic; TEST_TARGET_NAME = Tagbum; }; name = Release; };
88CACC7DBBD05634A4C2789D = { isa = XCConfigurationList; buildConfigurations = (BFB7B7531298A7BAE3DA7356,7E44CF5143D18A2FC9BE772D,); defaultConfigurationIsVisible = 0; defaultConfigurationName = Release; };
775A80063DF43623C80C6A10 = { isa = PBXContainerItemProxy; containerPortal = 46F86FAA6BBF9AC94A7E4595; proxyType = 1; remoteGlobalIDString = 42AEFBAE01D2DFD981F7DA7D; remoteInfo = Tagbum; };
85247311226978749AC624A2 = { isa = PBXTargetDependency; target = 42AEFBAE01D2DFD981F7DA7D; targetProxy = 775A80063DF43623C80C6A10; };
A7914B4B3E74E1508E09E4A5 = { isa = PBXNativeTarget; buildConfigurationList = 88CACC7DBBD05634A4C2789D; buildPhases = (E4A6308F870AC27C1224E794,); buildRules = (); dependencies = (85247311226978749AC624A2,); name = TagbumUITests; productName = TagbumUITests; productReference = F50A1A99F583DC3F4347186F; productType = "com.apple.product-type.bundle.ui-testing"; };
46F86FAA6BBF9AC94A7E4595 = { isa = PBXProject; attributes = { LastUpgradeCheck = 1600; }; buildConfigurationList = 65792698A383B2AED7171F8F; compatibilityVersion = "Xcode 14.0"; developmentRegion = ja; hasScannedForEncodings = 0; knownRegions = (ja,en,Base); mainGroup = DB0F6F37EBEB6EA094891243; productRefGroup = 86024CAD1E83101D97359D73; projectDirPath = ""; projectRoot = ""; targets = (42AEFBAE01D2DFD981F7DA7D,22A2358EECC248366FA9B884,A7914B4B3E74E1508E09E4A5,); };
}; rootObject = 46F86FAA6BBF9AC94A7E4595; }
